
Microsoft Visual Studio Solution File, Format Version 12.00
# Visual Studio Version 17
VisualStudioVersion = 17.14.36616.10
MinimumVisualStudioVersion = 10.0.40219.1
Project("{2150E333-8FDC-42A3-9474-1A3956D46DE8}") = "src", "src", "{827E0CD3-B72D-47B6-A68D-7590B98EB39B}"
	ProjectSection(SolutionItems) = preProject
		docker-compose.catalog.db.yml = docker-compose.catalog.db.yml
		docker-compose.ordering.db.yml = docker-compose.ordering.db.yml
		docker-compose.rabbitmq.yml = docker-compose.rabbitmq.yml
		docker-compose.yml = docker-compose.yml
	EndProjectSection
EndProject
Project("{2150E333-8FDC-42A3-9474-1A3956D46DE8}") = "services", "services", "{0F82F9AB-39BA-406D-A2A9-E4912A45821E}"
EndProject
Project("{2150E333-8FDC-42A3-9474-1A3956D46DE8}") = "Catalog", "Catalog", "{31B46DAF-417A-47AB-BBDB-FB137F67AB3D}"
EndProject
Project("{FAE04EC0-301F-11D3-BF4B-00C04F79EFBC}") = "Catalog.Domain", "src\Services\Catalog\Catalog.Domain\Catalog.Domain.csproj", "{8E1588A1-018F-4ACC-A2CF-9A1C3606A6DA}"
EndProject
Project("{2150E333-8FDC-42A3-9474-1A3956D46DE8}") = "Identity", "Identity", "{964FA973-199D-4A31-BDE0-C7E5C12800D8}"
EndProject
Project("{FAE04EC0-301F-11D3-BF4B-00C04F79EFBC}") = "Identity.API", "src\Services\Identity\Identity.Api\Identity.API.csproj", "{E625CC8C-80B0-4313-9B2D-4E6E1EDD9B39}"
EndProject
Project("{FAE04EC0-301F-11D3-BF4B-00C04F79EFBC}") = "Identity.Domain", "src\Services\Identity\Identity.Domain\Identity.Domain.csproj", "{01AE55F3-36A4-40DE-9C9F-BBADB8D4B00B}"
EndProject
Project("{2150E333-8FDC-42A3-9474-1A3956D46DE8}") = "Ordering", "Ordering", "{2DB65B9A-43A2-49DA-9D8D-15CC49AA23FC}"
EndProject
Project("{FAE04EC0-301F-11D3-BF4B-00C04F79EFBC}") = "Ordering.API", "src\Services\Ordering\Ordering.Api\Ordering.API.csproj", "{F773D322-6E92-4036-BDD7-8C5763C1B811}"
EndProject
Project("{FAE04EC0-301F-11D3-BF4B-00C04F79EFBC}") = "Ordering.Domain", "src\Services\Ordering\Ordering.Domain\Ordering.Domain.csproj", "{8D01A05D-6420-404D-ACB2-8B07B68798CC}"
EndProject
Project("{2150E333-8FDC-42A3-9474-1A3956D46DE8}") = "Payment", "Payment", "{15C4D2BD-F189-4869-A994-8B95220CAD83}"
EndProject
Project("{FAE04EC0-301F-11D3-BF4B-00C04F79EFBC}") = "Payment.Domain", "src\Services\Payment\Payment.Domain\Payment.Domain.csproj", "{E7608898-1BED-4C07-A3CA-18D60A47F203}"
EndProject
Project("{FAE04EC0-301F-11D3-BF4B-00C04F79EFBC}") = "Payment.API", "src\Services\Payment\Payment.Api\Payment.API.csproj", "{CE465A2E-9489-419D-B392-9BBD1667242C}"
EndProject
Project("{2150E333-8FDC-42A3-9474-1A3956D46DE8}") = "ApiGateway", "ApiGateway", "{19ACFB7A-4924-4AA4-A8F1-FA90A4E3003F}"
	ProjectSection(SolutionItems) = preProject
		docker-compose.rabbitmq.yml = docker-compose.rabbitmq.yml
	EndProjectSection
EndProject
Project("{FAE04EC0-301F-11D3-BF4B-00C04F79EFBC}") = "ApiGateway.API", "src\ApiGateway\ApiGateway.API\ApiGateway.API.csproj", "{FDDF9B54-D16E-4641-9999-8F800428338B}"
EndProject
Project("{FAE04EC0-301F-11D3-BF4B-00C04F79EFBC}") = "Catalog.API", "src\Services\Catalog\Catalog.API\Catalog.API.csproj", "{A3421FD9-F5AF-49AE-BA92-ADCE245CBBEA}"
EndProject
Project("{FAE04EC0-301F-11D3-BF4B-00C04F79EFBC}") = "Catalog.Application", "src\Services\Catalog\Catalog.Application\Catalog.Application.csproj", "{DFE43534-2C42-47CA-BA19-26F048CFA7CF}"
EndProject
Project("{2150E333-8FDC-42A3-9474-1A3956D46DE8}") = "Cart", "Cart", "{7E04004B-E51F-4529-AC47-0B2EFFF75E74}"
EndProject
Project("{FAE04EC0-301F-11D3-BF4B-00C04F79EFBC}") = "Cart.API", "src\services\cart\Cart.API\Cart.API.csproj", "{16CF4A79-4E93-4F76-BDE9-B061A1120FE9}"
EndProject
Project("{FAE04EC0-301F-11D3-BF4B-00C04F79EFBC}") = "Cart.Domain", "src\Services\cart\Cart.Domain\Cart.Domain.csproj", "{0BE41EF0-1F4C-4CEF-995C-AED7A4489135}"
EndProject
Project("{FAE04EC0-301F-11D3-BF4B-00C04F79EFBC}") = "Cart.Application", "src\Services\cart\Cart.Applicaiton\Cart.Application.csproj", "{23265A8E-8615-4B70-97E2-95D562C098A2}"
EndProject
Project("{2150E333-8FDC-42A3-9474-1A3956D46DE8}") = "k8s", "k8s", "{FEF548B3-30AE-4100-8569-F9DC5132EBA7}"
	ProjectSection(SolutionItems) = preProject
		api-gateway.yaml = api-gateway.yaml
		cart-api.yaml = cart-api.yaml
		catalog-api.yaml = catalog-api.yaml
		infra-postgres.yaml = infra-postgres.yaml
		infra-rabbitmq.yaml = infra-rabbitmq.yaml
		infra-redis.yaml = infra-redis.yaml
		infra-seq.yaml = infra-seq.yaml
		namespace.yaml = namespace.yaml
		ordering-api.yaml = ordering-api.yaml
	EndProjectSection
EndProject
Project("{FAE04EC0-301F-11D3-BF4B-00C04F79EFBC}") = "Shared.Library", "src\Common\Shared.Library.csproj", "{0F8F83AA-F97D-9267-03C8-6F9DD7F92897}"
EndProject
Project("{FAE04EC0-301F-11D3-BF4B-00C04F79EFBC}") = "Ordering.Application", "src\Services\Ordering\Ordering.Application\Ordering.Application.csproj", "{34EA2972-A76C-1BD9-EB97-4EBC485CEE0F}"
EndProject
Project("{FAE04EC0-301F-11D3-BF4B-00C04F79EFBC}") = "Ordering.Infrastructure", "src\Services\Ordering\Ordering.Infrastructure\Ordering.Infrastructure.csproj", "{D174FA7F-72F5-FE5D-BD2C-E052CAB9AF21}"
EndProject
Project("{FAE04EC0-301F-11D3-BF4B-00C04F79EFBC}") = "Cart.Infrastructure", "src\Services\cart\Cart.Infrastructure\Cart.Infrastructure.csproj", "{7DB9BD96-2E92-4F8F-90E3-D1D461CBEC84}"
EndProject
Project("{FAE04EC0-301F-11D3-BF4B-00C04F79EFBC}") = "Catalog.Infrastructure", "src\Services\Catalog\Catalog.Infrastructure\Catalog.Infrastructure.csproj", "{5B6B1C12-136D-ED3C-3400-F52A82685208}"
EndProject
Global
	GlobalSection(SolutionConfigurationPlatforms) = preSolution
		Debug|Any CPU = Debug|Any CPU
		Release|Any CPU = Release|Any CPU
	EndGlobalSection
	GlobalSection(ProjectConfigurationPlatforms) = postSolution
		{8E1588A1-018F-4ACC-A2CF-9A1C3606A6DA}.Debug|Any CPU.ActiveCfg = Debug|Any CPU
		{8E1588A1-018F-4ACC-A2CF-9A1C3606A6DA}.Debug|Any CPU.Build.0 = Debug|Any CPU
		{8E1588A1-018F-4ACC-A2CF-9A1C3606A6DA}.Release|Any CPU.ActiveCfg = Release|Any CPU
		{8E1588A1-018F-4ACC-A2CF-9A1C3606A6DA}.Release|Any CPU.Build.0 = Release|Any CPU
		{E625CC8C-80B0-4313-9B2D-4E6E1EDD9B39}.Debug|Any CPU.ActiveCfg = Debug|Any CPU
		{E625CC8C-80B0-4313-9B2D-4E6E1EDD9B39}.Debug|Any CPU.Build.0 = Debug|Any CPU
		{E625CC8C-80B0-4313-9B2D-4E6E1EDD9B39}.Release|Any CPU.ActiveCfg = Release|Any CPU
		{E625CC8C-80B0-4313-9B2D-4E6E1EDD9B39}.Release|Any CPU.Build.0 = Release|Any CPU
		{01AE55F3-36A4-40DE-9C9F-BBADB8D4B00B}.Debug|Any CPU.ActiveCfg = Debug|Any CPU
		{01AE55F3-36A4-40DE-9C9F-BBADB8D4B00B}.Debug|Any CPU.Build.0 = Debug|Any CPU
		{01AE55F3-36A4-40DE-9C9F-BBADB8D4B00B}.Release|Any CPU.ActiveCfg = Release|Any CPU
		{01AE55F3-36A4-40DE-9C9F-BBADB8D4B00B}.Release|Any CPU.Build.0 = Release|Any CPU
		{F773D322-6E92-4036-BDD7-8C5763C1B811}.Debug|Any CPU.ActiveCfg = Debug|Any CPU
		{F773D322-6E92-4036-BDD7-8C5763C1B811}.Debug|Any CPU.Build.0 = Debug|Any CPU
		{F773D322-6E92-4036-BDD7-8C5763C1B811}.Release|Any CPU.ActiveCfg = Release|Any CPU
		{F773D322-6E92-4036-BDD7-8C5763C1B811}.Release|Any CPU.Build.0 = Release|Any CPU
		{8D01A05D-6420-404D-ACB2-8B07B68798CC}.Debug|Any CPU.ActiveCfg = Debug|Any CPU
		{8D01A05D-6420-404D-ACB2-8B07B68798CC}.Debug|Any CPU.Build.0 = Debug|Any CPU
		{8D01A05D-6420-404D-ACB2-8B07B68798CC}.Release|Any CPU.ActiveCfg = Release|Any CPU
		{8D01A05D-6420-404D-ACB2-8B07B68798CC}.Release|Any CPU.Build.0 = Release|Any CPU
		{E7608898-1BED-4C07-A3CA-18D60A47F203}.Debug|Any CPU.ActiveCfg = Debug|Any CPU
		{E7608898-1BED-4C07-A3CA-18D60A47F203}.Debug|Any CPU.Build.0 = Debug|Any CPU
		{E7608898-1BED-4C07-A3CA-18D60A47F203}.Release|Any CPU.ActiveCfg = Release|Any CPU
		{E7608898-1BED-4C07-A3CA-18D60A47F203}.Release|Any CPU.Build.0 = Release|Any CPU
		{CE465A2E-9489-419D-B392-9BBD1667242C}.Debug|Any CPU.ActiveCfg = Debug|Any CPU
		{CE465A2E-9489-419D-B392-9BBD1667242C}.Debug|Any CPU.Build.0 = Debug|Any CPU
		{CE465A2E-9489-419D-B392-9BBD1667242C}.Release|Any CPU.ActiveCfg = Release|Any CPU
		{CE465A2E-9489-419D-B392-9BBD1667242C}.Release|Any CPU.Build.0 = Release|Any CPU
		{FDDF9B54-D16E-4641-9999-8F800428338B}.Debug|Any CPU.ActiveCfg = Debug|Any CPU
		{FDDF9B54-D16E-4641-9999-8F800428338B}.Debug|Any CPU.Build.0 = Debug|Any CPU
		{FDDF9B54-D16E-4641-9999-8F800428338B}.Release|Any CPU.ActiveCfg = Release|Any CPU
		{FDDF9B54-D16E-4641-9999-8F800428338B}.Release|Any CPU.Build.0 = Release|Any CPU
		{A3421FD9-F5AF-49AE-BA92-ADCE245CBBEA}.Debug|Any CPU.ActiveCfg = Debug|Any CPU
		{A3421FD9-F5AF-49AE-BA92-ADCE245CBBEA}.Debug|Any CPU.Build.0 = Debug|Any CPU
		{A3421FD9-F5AF-49AE-BA92-ADCE245CBBEA}.Release|Any CPU.ActiveCfg = Release|Any CPU
		{A3421FD9-F5AF-49AE-BA92-ADCE245CBBEA}.Release|Any CPU.Build.0 = Release|Any CPU
		{DFE43534-2C42-47CA-BA19-26F048CFA7CF}.Debug|Any CPU.ActiveCfg = Debug|Any CPU
		{DFE43534-2C42-47CA-BA19-26F048CFA7CF}.Debug|Any CPU.Build.0 = Debug|Any CPU
		{DFE43534-2C42-47CA-BA19-26F048CFA7CF}.Release|Any CPU.ActiveCfg = Release|Any CPU
		{DFE43534-2C42-47CA-BA19-26F048CFA7CF}.Release|Any CPU.Build.0 = Release|Any CPU
		{16CF4A79-4E93-4F76-BDE9-B061A1120FE9}.Debug|Any CPU.ActiveCfg = Debug|Any CPU
		{16CF4A79-4E93-4F76-BDE9-B061A1120FE9}.Debug|Any CPU.Build.0 = Debug|Any CPU
		{16CF4A79-4E93-4F76-BDE9-B061A1120FE9}.Release|Any CPU.ActiveCfg = Release|Any CPU
		{16CF4A79-4E93-4F76-BDE9-B061A1120FE9}.Release|Any CPU.Build.0 = Release|Any CPU
		{0BE41EF0-1F4C-4CEF-995C-AED7A4489135}.Debug|Any CPU.ActiveCfg = Debug|Any CPU
		{0BE41EF0-1F4C-4CEF-995C-AED7A4489135}.Debug|Any CPU.Build.0 = Debug|Any CPU
		{0BE41EF0-1F4C-4CEF-995C-AED7A4489135}.Release|Any CPU.ActiveCfg = Release|Any CPU
		{0BE41EF0-1F4C-4CEF-995C-AED7A4489135}.Release|Any CPU.Build.0 = Release|Any CPU
		{23265A8E-8615-4B70-97E2-95D562C098A2}.Debug|Any CPU.ActiveCfg = Debug|Any CPU
		{23265A8E-8615-4B70-97E2-95D562C098A2}.Debug|Any CPU.Build.0 = Debug|Any CPU
		{23265A8E-8615-4B70-97E2-95D562C098A2}.Release|Any CPU.ActiveCfg = Release|Any CPU
		{23265A8E-8615-4B70-97E2-95D562C098A2}.Release|Any CPU.Build.0 = Release|Any CPU
		{0F8F83AA-F97D-9267-03C8-6F9DD7F92897}.Debug|Any CPU.ActiveCfg = Debug|Any CPU
		{0F8F83AA-F97D-9267-03C8-6F9DD7F92897}.Debug|Any CPU.Build.0 = Debug|Any CPU
		{0F8F83AA-F97D-9267-03C8-6F9DD7F92897}.Release|Any CPU.ActiveCfg = Release|Any CPU
		{0F8F83AA-F97D-9267-03C8-6F9DD7F92897}.Release|Any CPU.Build.0 = Release|Any CPU
		{34EA2972-A76C-1BD9-EB97-4EBC485CEE0F}.Debug|Any CPU.ActiveCfg = Debug|Any CPU
		{34EA2972-A76C-1BD9-EB97-4EBC485CEE0F}.Debug|Any CPU.Build.0 = Debug|Any CPU
		{34EA2972-A76C-1BD9-EB97-4EBC485CEE0F}.Release|Any CPU.ActiveCfg = Release|Any CPU
		{34EA2972-A76C-1BD9-EB97-4EBC485CEE0F}.Release|Any CPU.Build.0 = Release|Any CPU
		{D174FA7F-72F5-FE5D-BD2C-E052CAB9AF21}.Debug|Any CPU.ActiveCfg = Debug|Any CPU
		{D174FA7F-72F5-FE5D-BD2C-E052CAB9AF21}.Debug|Any CPU.Build.0 = Debug|Any CPU
		{D174FA7F-72F5-FE5D-BD2C-E052CAB9AF21}.Release|Any CPU.ActiveCfg = Release|Any CPU
		{D174FA7F-72F5-FE5D-BD2C-E052CAB9AF21}.Release|Any CPU.Build.0 = Release|Any CPU
		{7DB9BD96-2E92-4F8F-90E3-D1D461CBEC84}.Debug|Any CPU.ActiveCfg = Debug|Any CPU
		{7DB9BD96-2E92-4F8F-90E3-D1D461CBEC84}.Debug|Any CPU.Build.0 = Debug|Any CPU
		{7DB9BD96-2E92-4F8F-90E3-D1D461CBEC84}.Release|Any CPU.ActiveCfg = Release|Any CPU
		{7DB9BD96-2E92-4F8F-90E3-D1D461CBEC84}.Release|Any CPU.Build.0 = Release|Any CPU
		{5B6B1C12-136D-ED3C-3400-F52A82685208}.Debug|Any CPU.ActiveCfg = Debug|Any CPU
		{5B6B1C12-136D-ED3C-3400-F52A82685208}.Debug|Any CPU.Build.0 = Debug|Any CPU
		{5B6B1C12-136D-ED3C-3400-F52A82685208}.Release|Any CPU.ActiveCfg = Release|Any CPU
		{5B6B1C12-136D-ED3C-3400-F52A82685208}.Release|Any CPU.Build.0 = Release|Any CPU
	EndGlobalSection
	GlobalSection(SolutionProperties) = preSolution
		HideSolutionNode = FALSE
	EndGlobalSection
	GlobalSection(NestedProjects) = preSolution
		{0F82F9AB-39BA-406D-A2A9-E4912A45821E} = {827E0CD3-B72D-47B6-A68D-7590B98EB39B}
		{31B46DAF-417A-47AB-BBDB-FB137F67AB3D} = {0F82F9AB-39BA-406D-A2A9-E4912A45821E}
		{8E1588A1-018F-4ACC-A2CF-9A1C3606A6DA} = {31B46DAF-417A-47AB-BBDB-FB137F67AB3D}
		{964FA973-199D-4A31-BDE0-C7E5C12800D8} = {0F82F9AB-39BA-406D-A2A9-E4912A45821E}
		{E625CC8C-80B0-4313-9B2D-4E6E1EDD9B39} = {964FA973-199D-4A31-BDE0-C7E5C12800D8}
		{01AE55F3-36A4-40DE-9C9F-BBADB8D4B00B} = {964FA973-199D-4A31-BDE0-C7E5C12800D8}
		{2DB65B9A-43A2-49DA-9D8D-15CC49AA23FC} = {0F82F9AB-39BA-406D-A2A9-E4912A45821E}
		{F773D322-6E92-4036-BDD7-8C5763C1B811} = {2DB65B9A-43A2-49DA-9D8D-15CC49AA23FC}
		{8D01A05D-6420-404D-ACB2-8B07B68798CC} = {2DB65B9A-43A2-49DA-9D8D-15CC49AA23FC}
		{15C4D2BD-F189-4869-A994-8B95220CAD83} = {0F82F9AB-39BA-406D-A2A9-E4912A45821E}
		{E7608898-1BED-4C07-A3CA-18D60A47F203} = {15C4D2BD-F189-4869-A994-8B95220CAD83}
		{CE465A2E-9489-419D-B392-9BBD1667242C} = {15C4D2BD-F189-4869-A994-8B95220CAD83}
		{19ACFB7A-4924-4AA4-A8F1-FA90A4E3003F} = {827E0CD3-B72D-47B6-A68D-7590B98EB39B}
		{FDDF9B54-D16E-4641-9999-8F800428338B} = {19ACFB7A-4924-4AA4-A8F1-FA90A4E3003F}
		{A3421FD9-F5AF-49AE-BA92-ADCE245CBBEA} = {31B46DAF-417A-47AB-BBDB-FB137F67AB3D}
		{DFE43534-2C42-47CA-BA19-26F048CFA7CF} = {31B46DAF-417A-47AB-BBDB-FB137F67AB3D}
		{7E04004B-E51F-4529-AC47-0B2EFFF75E74} = {0F82F9AB-39BA-406D-A2A9-E4912A45821E}
		{16CF4A79-4E93-4F76-BDE9-B061A1120FE9} = {7E04004B-E51F-4529-AC47-0B2EFFF75E74}
		{0BE41EF0-1F4C-4CEF-995C-AED7A4489135} = {7E04004B-E51F-4529-AC47-0B2EFFF75E74}
		{23265A8E-8615-4B70-97E2-95D562C098A2} = {7E04004B-E51F-4529-AC47-0B2EFFF75E74}
		{FEF548B3-30AE-4100-8569-F9DC5132EBA7} = {827E0CD3-B72D-47B6-A68D-7590B98EB39B}
		{34EA2972-A76C-1BD9-EB97-4EBC485CEE0F} = {2DB65B9A-43A2-49DA-9D8D-15CC49AA23FC}
		{D174FA7F-72F5-FE5D-BD2C-E052CAB9AF21} = {2DB65B9A-43A2-49DA-9D8D-15CC49AA23FC}
		{7DB9BD96-2E92-4F8F-90E3-D1D461CBEC84} = {7E04004B-E51F-4529-AC47-0B2EFFF75E74}
		{5B6B1C12-136D-ED3C-3400-F52A82685208} = {31B46DAF-417A-47AB-BBDB-FB137F67AB3D}
	EndGlobalSection
	GlobalSection(ExtensibilityGlobals) = postSolution
		SolutionGuid = {1337B5E6-0ABB-40AB-A195-680C93F080D7}
	EndGlobalSection
EndGlobal
